// !$*UTF8*$!
{
	archiveVersion = 1;
	classes = {
	};
	objectVersion = 56;
	objects = {

/* Begin PBXBuildFile section */
		1B6015E32B95585200705A8E /* AppDelegate.swift in Sources */ = {isa = PBXBuildFile; fileRef = 1B6015E22B95585200705A8E /* AppDelegate.swift */; };
		1B6015E52B95585200705A8E /* SceneDelegate.swift in Sources */ = {isa = PBXBuildFile; fileRef = 1B6015E42B95585200705A8E /* SceneDelegate.swift */; };
		1B6015E72B95585200705A8E /* AmityDemoTabController.swift in Sources */ = {isa = PBXBuildFile; fileRef = 1B6015E62B95585200705A8E /* AmityDemoTabController.swift */; };
		1B6015EA2B95585200705A8E /* Main.storyboard in Resources */ = {isa = PBXBuildFile; fileRef = 1B6015E82B95585200705A8E /* Main.storyboard */; };
		1B6015EC2B95585200705A8E /* Assets.xcassets in Resources */ = {isa = PBXBuildFile; fileRef = 1B6015EB2B95585200705A8E /* Assets.xcassets */; };
		1B6015EF2B95585200705A8E /* LaunchScreen.storyboard in Resources */ = {isa = PBXBuildFile; fileRef = 1B6015ED2B95585200705A8E /* LaunchScreen.storyboard */; };
		1B6015FA2B95585300705A8E /* JAChatAndSocialSDKExampleTests.swift in Sources */ = {isa = PBXBuildFile; fileRef = 1B6015F92B95585300705A8E /* JAChatAndSocialSDKExampleTests.swift */; };
		1B6016042B95585300705A8E /* JAChatAndSocialSDKExampleUITests.swift in Sources */ = {isa = PBXBuildFile; fileRef = 1B6016032B95585300705A8E /* JAChatAndSocialSDKExampleUITests.swift */; };
		1B6016062B95585300705A8E /* JAChatAndSocialSDKExampleUITestsLaunchTests.swift in Sources */ = {isa = PBXBuildFile; fileRef = 1B6016052B95585300705A8E /* JAChatAndSocialSDKExampleUITestsLaunchTests.swift */; };
		1B6016172B955C1300705A8E /* UIViewExtension.swift in Sources */ = {isa = PBXBuildFile; fileRef = 1B6016162B955C1300705A8E /* UIViewExtension.swift */; };
		1B6016192B955C2B00705A8E /* TabViewController.swift in Sources */ = {isa = PBXBuildFile; fileRef = 1B6016182B955C2B00705A8E /* TabViewController.swift */; };
		1B60161B2B955C5500705A8E /* TXDemoTabController.swift in Sources */ = {isa = PBXBuildFile; fileRef = 1B60161A2B955C5500705A8E /* TXDemoTabController.swift */; };
		1B60161C2B95649A00705A8E /* AmityUIKit.framework in Frameworks */ = {isa = PBXBuildFile; fileRef = 1B6016142B955A2500705A8E /* AmityUIKit.framework */; };
		1B60161D2B95649A00705A8E /* AmityUIKit.framework in Embed Frameworks */ = {isa = PBXBuildFile; fileRef = 1B6016142B955A2500705A8E /* AmityUIKit.framework */; settings = {ATTRIBUTES = (CodeSignOnCopy, RemoveHeadersOnCopy, ); }; };
		1B6086462B9591F600555333 /* TXSign.swift in Sources */ = {isa = PBXBuildFile; fileRef = 1B6086452B9591F600555333 /* TXSign.swift */; };
		1B6086482B95A3F000555333 /* EMDemoTabController.swift in Sources */ = {isa = PBXBuildFile; fileRef = 1B6086472B95A3F000555333 /* EMDemoTabController.swift */; };
		1CFE1EB8897126BE3EBB6338 /* Pods_JAChatAndSocialSDKExample_JAChatAndSocialSDKExampleUITests.framework in Frameworks */ = {isa = PBXBuildFile; fileRef = A52FAD30C0F72069C4BBC682 /* Pods_JAChatAndSocialSDKExample_JAChatAndSocialSDKExampleUITests.framework */; };
		61DDC8E163B0F1B1229DFEBC /* Pods_JAChatAndSocialSDKExampleTests.framework in Frameworks */ = {isa = PBXBuildFile; fileRef = 4E5593840262E6AF113DFB66 /* Pods_JAChatAndSocialSDKExampleTests.framework */; };
		DBEF505773C9E63C14837C6F /* Pods_JAChatAndSocialSDKExample.framework in Frameworks */ = {isa = PBXBuildFile; fileRef = 92835019867AD95D375936F6 /* Pods_JAChatAndSocialSDKExample.framework */; };
/* End PBXBuildFile section */

/* Begin PBXContainerItemProxy section */
		1B6015F62B95585300705A8E /* PBXContainerItemProxy */ = {
			isa = PBXContainerItemProxy;
			containerPortal = 1B6015D72B95585200705A8E /* Project object */;
			proxyType = 1;
			remoteGlobalIDString = 1B6015DE2B95585200705A8E;
			remoteInfo = JAChatAndSocialSDKExample;
		};
		1B6016002B95585300705A8E /* PBXContainerItemProxy */ = {
			isa = PBXContainerItemProxy;
			containerPortal = 1B6015D72B95585200705A8E /* Project object */;
			proxyType = 1;
			remoteGlobalIDString = 1B6015DE2B95585200705A8E;
			remoteInfo = JAChatAndSocialSDKExample;
		};
/* End PBXContainerItemProxy section */

/* Begin PBXCopyFilesBuildPhase section */
		1B60161E2B95649A00705A8E /* Embed Frameworks */ = {
			isa = PBXCopyFilesBuildPhase;
			buildActionMask = 2147483647;
			dstPath = "";
			dstSubfolderSpec = 10;
			files = (
				1B60161D2B95649A00705A8E /* AmityUIKit.framework in Embed Frameworks */,
			);
			name = "Embed Frameworks";
			runOnlyForDeploymentPostprocessing = 0;
		};
/* End PBXCopyFilesBuildPhase section */

/* Begin PBXFileReference section */
		0505BCAD235472D79BEED9E2 /* Pods-JAChatAndSocialSDKExampleTests.debug.xcconfig */ = {isa = PBXFileReference; includeInIndex = 1; lastKnownFileType = text.xcconfig; name = "Pods-JAChatAndSocialSDKExampleTests.debug.xcconfig"; path = "Target Support Files/Pods-JAChatAndSocialSDKExampleTests/Pods-JAChatAndSocialSDKExampleTests.debug.xcconfig"; sourceTree = "<group>"; };
		1B6015DF2B95585200705A8E /* JAChatAndSocialSDKExample.app */ = {isa = PBXFileReference; explicitFileType = wrapper.application; includeInIndex = 0; path = JAChatAndSocialSDKExample.app; sourceTree = BUILT_PRODUCTS_DIR; };
		1B6015E22B95585200705A8E /* AppDelegate.swift */ = {isa = PBXFileReference; lastKnownFileType = sourcecode.swift; path = AppDelegate.swift; sourceTree = "<group>"; };
		1B6015E42B95585200705A8E /* SceneDelegate.swift */ = {isa = PBXFileReference; lastKnownFileType = sourcecode.swift; path = SceneDelegate.swift; sourceTree = "<group>"; };
		1B6015E62B95585200705A8E /* AmityDemoTabController.swift */ = {isa = PBXFileReference; lastKnownFileType = sourcecode.swift; path = AmityDemoTabController.swift; sourceTree = "<group>"; };
		1B6015E92B95585200705A8E /* Base */ = {isa = PBXFileReference; lastKnownFileType = file.storyboard; name = Base; path = Base.lproj/Main.storyboard; sourceTree = "<group>"; };
		1B6015EB2B95585200705A8E /* Assets.xcassets */ = {isa = PBXFileReference; lastKnownFileType = folder.assetcatalog; path = Assets.xcassets; sourceTree = "<group>"; };
		1B6015EE2B95585200705A8E /* Base */ = {isa = PBXFileReference; lastKnownFileType = file.storyboard; name = Base; path = Base.lproj/LaunchScreen.storyboard; sourceTree = "<group>"; };
		1B6015F02B95585200705A8E /* Info.plist */ = {isa = PBXFileReference; lastKnownFileType = text.plist.xml; path = Info.plist; sourceTree = "<group>"; };
		1B6015F52B95585300705A8E /* JAChatAndSocialSDKExampleTests.xctest */ = {isa = PBXFileReference; explicitFileType = wrapper.cfbundle; includeInIndex = 0; path = JAChatAndSocialSDKExampleTests.xctest; sourceTree = BUILT_PRODUCTS_DIR; };
		1B6015F92B95585300705A8E /* JAChatAndSocialSDKExampleTests.swift */ = {isa = PBXFileReference; lastKnownFileType = sourcecode.swift; path = JAChatAndSocialSDKExampleTests.swift; sourceTree = "<group>"; };
		1B6015FF2B95585300705A8E /* JAChatAndSocialSDKExampleUITests.xctest */ = {isa = PBXFileReference; explicitFileType = wrapper.cfbundle; includeInIndex = 0; path = JAChatAndSocialSDKExampleUITests.xctest; sourceTree = BUILT_PRODUCTS_DIR; };
		1B6016032B95585300705A8E /* JAChatAndSocialSDKExampleUITests.swift */ = {isa = PBXFileReference; lastKnownFileType = sourcecode.swift; path = JAChatAndSocialSDKExampleUITests.swift; sourceTree = "<group>"; };
		1B6016052B95585300705A8E /* JAChatAndSocialSDKExampleUITestsLaunchTests.swift */ = {isa = PBXFileReference; lastKnownFileType = sourcecode.swift; path = JAChatAndSocialSDKExampleUITestsLaunchTests.swift; sourceTree = "<group>"; };
		1B6016142B955A2500705A8E /* AmityUIKit.framework */ = {isa = PBXFileReference; explicitFileType = wrapper.framework; path = AmityUIKit.framework; sourceTree = BUILT_PRODUCTS_DIR; };
		1B6016162B955C1300705A8E /* UIViewExtension.swift */ = {isa = PBXFileReference; lastKnownFileType = sourcecode.swift; path = UIViewExtension.swift; sourceTree = "<group>"; };
		1B6016182B955C2B00705A8E /* TabViewController.swift */ = {isa = PBXFileReference; lastKnownFileType = sourcecode.swift; path = TabViewController.swift; sourceTree = "<group>"; };
		1B60161A2B955C5500705A8E /* TXDemoTabController.swift */ = {isa = PBXFileReference; lastKnownFileType = sourcecode.swift; path = TXDemoTabController.swift; sourceTree = "<group>"; };
		1B6086452B9591F600555333 /* TXSign.swift */ = {isa = PBXFileReference; lastKnownFileType = sourcecode.swift; path = TXSign.swift; sourceTree = "<group>"; };
		1B6086472B95A3F000555333 /* EMDemoTabController.swift */ = {isa = PBXFileReference; lastKnownFileType = sourcecode.swift; path = EMDemoTabController.swift; sourceTree = "<group>"; };
		35B9CE1A84E4E55AECE6D401 /* Pods-JAChatAndSocialSDKExample.release.xcconfig */ = {isa = PBXFileReference; includeInIndex = 1; lastKnownFileType = text.xcconfig; name = "Pods-JAChatAndSocialSDKExample.release.xcconfig"; path = "Target Support Files/Pods-JAChatAndSocialSDKExample/Pods-JAChatAndSocialSDKExample.release.xcconfig"; sourceTree = "<group>"; };
		3BA259CF7EFF353FC28DA59D /* Pods-JAChatAndSocialSDKExample-JAChatAndSocialSDKExampleUITests.release.xcconfig */ = {isa = PBXFileReference; includeInIndex = 1; lastKnownFileType = text.xcconfig; name = "Pods-JAChatAndSocialSDKExample-JAChatAndSocialSDKExampleUITests.release.xcconfig"; path = "Target Support Files/Pods-JAChatAndSocialSDKExample-JAChatAndSocialSDKExampleUITests/Pods-JAChatAndSocialSDKExample-JAChatAndSocialSDKExampleUITests.release.xcconfig"; sourceTree = "<group>"; };
		4E5593840262E6AF113DFB66 /* Pods_JAChatAndSocialSDKExampleTests.framework */ = {isa = PBXFileReference; explicitFileType = wrapper.framework; includeInIndex = 0; path = Pods_JAChatAndSocialSDKExampleTests.framework; sourceTree = BUILT_PRODUCTS_DIR; };
		821AF5CB61B17E1A121F30AD /* Pods-JAChatAndSocialSDKExample.debug.xcconfig */ = {isa = PBXFileReference; includeInIndex = 1; lastKnownFileType = text.xcconfig; name = "Pods-JAChatAndSocialSDKExample.debug.xcconfig"; path = "Target Support Files/Pods-JAChatAndSocialSDKExample/Pods-JAChatAndSocialSDKExample.debug.xcconfig"; sourceTree = "<group>"; };
		82484667A027FF5730FB048B /* Pods-JAChatAndSocialSDKExample-JAChatAndSocialSDKExampleUITests.debug.xcconfig */ = {isa = PBXFileReference; includeInIndex = 1; lastKnownFileType = text.xcconfig; name = "Pods-JAChatAndSocialSDKExample-JAChatAndSocialSDKExampleUITests.debug.xcconfig"; path = "Target Support Files/Pods-JAChatAndSocialSDKExample-JAChatAndSocialSDKExampleUITests/Pods-JAChatAndSocialSDKExample-JAChatAndSocialSDKExampleUITests.debug.xcconfig"; sourceTree = "<group>"; };
		92835019867AD95D375936F6 /* Pods_JAChatAndSocialSDKExample.framework */ = {isa = PBXFileReference; explicitFileType = wrapper.framework; includeInIndex = 0; path = Pods_JAChatAndSocialSDKExample.framework; sourceTree = BUILT_PRODUCTS_DIR; };
		A52FAD30C0F72069C4BBC682 /* Pods_JAChatAndSocialSDKExample_JAChatAndSocialSDKExampleUITests.framework */ = {isa = PBXFileReference; explicitFileType = wrapper.framework; includeInIndex = 0; path = Pods_JAChatAndSocialSDKExample_JAChatAndSocialSDKExampleUITests.framework; sourceTree = BUILT_PRODUCTS_DIR; };
		F04D990FFAB2989B3E5EA51A /* Pods-JAChatAndSocialSDKExampleTests.release.xcconfig */ = {isa = PBXFileReference; includeInIndex = 1; lastKnownFileType = text.xcconfig; name = "Pods-JAChatAndSocialSDKExampleTests.release.xcconfig"; path = "Target Support Files/Pods-JAChatAndSocialSDKExampleTests/Pods-JAChatAndSocialSDKExampleTests.release.xcconfig"; sourceTree = "<group>"; };
/* End PBXFileReference section */

/* Begin PBXFrameworksBuildPhase section */
		1B6015DC2B95585200705A8E /* Frameworks */ = {
			isa = PBXFrameworksBuildPhase;
			buildActionMask = 2147483647;
			files = (
				1B60161C2B95649A00705A8E /* AmityUIKit.framework in Frameworks */,
				DBEF505773C9E63C14837C6F /* Pods_JAChatAndSocialSDKExample.framework in Frameworks */,
			);
			runOnlyForDeploymentPostprocessing = 0;
		};
		1B6015F22B95585300705A8E /* Frameworks */ = {
			isa = PBXFrameworksBuildPhase;
			buildActionMask = 2147483647;
			files = (
				61DDC8E163B0F1B1229DFEBC /* Pods_JAChatAndSocialSDKExampleTests.framework in Frameworks */,
			);
			runOnlyForDeploymentPostprocessing = 0;
		};
		1B6015FC2B95585300705A8E /* Frameworks */ = {
			isa = PBXFrameworksBuildPhase;
			buildActionMask = 2147483647;
			files = (
				1CFE1EB8897126BE3EBB6338 /* Pods_JAChatAndSocialSDKExample_JAChatAndSocialSDKExampleUITests.framework in Frameworks */,
			);
			runOnlyForDeploymentPostprocessing = 0;
		};
/* End PBXFrameworksBuildPhase section */

/* Begin PBXGroup section */
		1B6015D62B95585200705A8E = {
			isa = PBXGroup;
			children = (
				1B6015E12B95585200705A8E /* JAChatAndSocialSDKExample */,
				1B6015F82B95585300705A8E /* JAChatAndSocialSDKExampleTests */,
				1B6016022B95585300705A8E /* JAChatAndSocialSDKExampleUITests */,
				1B6015E02B95585200705A8E /* Products */,
				E09C65329AE2A26BB781378A /* Pods */,
				3F0A788AEC980FEF46F27F7A /* Frameworks */,
			);
			sourceTree = "<group>";
		};
		1B6015E02B95585200705A8E /* Products */ = {
			isa = PBXGroup;
			children = (
				1B6015DF2B95585200705A8E /* JAChatAndSocialSDKExample.app */,
				1B6015F52B95585300705A8E /* JAChatAndSocialSDKExampleTests.xctest */,
				1B6015FF2B95585300705A8E /* JAChatAndSocialSDKExampleUITests.xctest */,
			);
			name = Products;
			sourceTree = "<group>";
		};
		1B6015E12B95585200705A8E /* JAChatAndSocialSDKExample */ = {
			isa = PBXGroup;
			children = (
				1B6015E22B95585200705A8E /* AppDelegate.swift */,
				1B6015E42B95585200705A8E /* SceneDelegate.swift */,
				1B6015E62B95585200705A8E /* AmityDemoTabController.swift */,
				1B6016182B955C2B00705A8E /* TabViewController.swift */,
				1B6016162B955C1300705A8E /* UIViewExtension.swift */,
				1B6086472B95A3F000555333 /* EMDemoTabController.swift */,
				1B6086452B9591F600555333 /* TXSign.swift */,
				1B60161A2B955C5500705A8E /* TXDemoTabController.swift */,
				1B6015E82B95585200705A8E /* Main.storyboard */,
				1B6015EB2B95585200705A8E /* Assets.xcassets */,
				1B6015ED2B95585200705A8E /* LaunchScreen.storyboard */,
				1B6015F02B95585200705A8E /* Info.plist */,
			);
			path = JAChatAndSocialSDKExample;
			sourceTree = "<group>";
		};
		1B6015F82B95585300705A8E /* JAChatAndSocialSDKExampleTests */ = {
			isa = PBXGroup;
			children = (
				1B6015F92B95585300705A8E /* JAChatAndSocialSDKExampleTests.swift */,
			);
			path = JAChatAndSocialSDKExampleTests;
			sourceTree = "<group>";
		};
		1B6016022B95585300705A8E /* JAChatAndSocialSDKExampleUITests */ = {
			isa = PBXGroup;
			children = (
				1B6016032B95585300705A8E /* JAChatAndSocialSDKExampleUITests.swift */,
				1B6016052B95585300705A8E /* JAChatAndSocialSDKExampleUITestsLaunchTests.swift */,
			);
			path = JAChatAndSocialSDKExampleUITests;
			sourceTree = "<group>";
		};
		3F0A788AEC980FEF46F27F7A /* Frameworks */ = {
			isa = PBXGroup;
			children = (
				1B6016142B955A2500705A8E /* AmityUIKit.framework */,
				92835019867AD95D375936F6 /* Pods_JAChatAndSocialSDKExample.framework */,
				A52FAD30C0F72069C4BBC682 /* Pods_JAChatAndSocialSDKExample_JAChatAndSocialSDKExampleUITests.framework */,
				4E5593840262E6AF113DFB66 /* Pods_JAChatAndSocialSDKExampleTests.framework */,
			);
			name = Frameworks;
			sourceTree = "<group>";
		};
		E09C65329AE2A26BB781378A /* Pods */ = {
			isa = PBXGroup;
			children = (
				821AF5CB61B17E1A121F30AD /* Pods-JAChatAndSocialSDKExample.debug.xcconfig */,
				35B9CE1A84E4E55AECE6D401 /* Pods-JAChatAndSocialSDKExample.release.xcconfig */,
				82484667A027FF5730FB048B /* Pods-JAChatAndSocialSDKExample-JAChatAndSocialSDKExampleUITests.debug.xcconfig */,
				3BA259CF7EFF353FC28DA59D /* Pods-JAChatAndSocialSDKExample-JAChatAndSocialSDKExampleUITests.release.xcconfig */,
				0505BCAD235472D79BEED9E2 /* Pods-JAChatAndSocialSDKExampleTests.debug.xcconfig */,
				F04D990FFAB2989B3E5EA51A /* Pods-JAChatAndSocialSDKExampleTests.release.xcconfig */,
			);
			path = Pods;
			sourceTree = "<group>";
		};
/* End PBXGroup section */

/* Begin PBXNativeTarget section */
		1B6015DE2B95585200705A8E /* JAChatAndSocialSDKExample */ = {
			isa = PBXNativeTarget;
			buildConfigurationList = 1B6016092B95585300705A8E /* Build configuration list for PBXNativeTarget "JAChatAndSocialSDKExample" */;
			buildPhases = (
				352E419E3CC7B765CFA988F0 /* [CP] Check Pods Manifest.lock */,
				1B6015DB2B95585200705A8E /* Sources */,
				1B6015DC2B95585200705A8E /* Frameworks */,
				1B6015DD2B95585200705A8E /* Resources */,
				BB47F48D3C1110F134D3EFAD /* [CP] Embed Pods Frameworks */,
				2C972524B8A4854BC98E14FA /* [CP] Copy Pods Resources */,
				1B60161E2B95649A00705A8E /* Embed Frameworks */,
			);
			buildRules = (
			);
			dependencies = (
			);
			name = JAChatAndSocialSDKExample;
			productName = JAChatAndSocialSDKExample;
			productReference = 1B6015DF2B95585200705A8E /* JAChatAndSocialSDKExample.app */;
			productType = "com.apple.product-type.application";
		};
		1B6015F42B95585300705A8E /* JAChatAndSocialSDKExampleTests */ = {
			isa = PBXNativeTarget;
			buildConfigurationList = 1B60160C2B95585300705A8E /* Build configuration list for PBXNativeTarget "JAChatAndSocialSDKExampleTests" */;
			buildPhases = (
				82F030B29ABB9EA35A0D4EA8 /* [CP] Check Pods Manifest.lock */,
				1B6015F12B95585300705A8E /* Sources */,
				1B6015F22B95585300705A8E /* Frameworks */,
				1B6015F32B95585300705A8E /* Resources */,
			);
			buildRules = (
			);
			dependencies = (
				1B6015F72B95585300705A8E /* PBXTargetDependency */,
			);
			name = JAChatAndSocialSDKExampleTests;
			productName = JAChatAndSocialSDKExampleTests;
			productReference = 1B6015F52B95585300705A8E /* JAChatAndSocialSDKExampleTests.xctest */;
			productType = "com.apple.product-type.bundle.unit-test";
		};
		1B6015FE2B95585300705A8E /* JAChatAndSocialSDKExampleUITests */ = {
			isa = PBXNativeTarget;
			buildConfigurationList = 1B60160F2B95585300705A8E /* Build configuration list for PBXNativeTarget "JAChatAndSocialSDKExampleUITests" */;
			buildPhases = (
				5E86473780B7216B1CE11C29 /* [CP] Check Pods Manifest.lock */,
				1B6015FB2B95585300705A8E /* Sources */,
				1B6015FC2B95585300705A8E /* Frameworks */,
				1B6015FD2B95585300705A8E /* Resources */,
				9EC42D8BE936D4ED7CA3457E /* [CP] Embed Pods Frameworks */,
				7C1FA9EE19A9440D1CDD14D6 /* [CP] Copy Pods Resources */,
			);
			buildRules = (
			);
			dependencies = (
				1B6016012B95585300705A8E /* PBXTargetDependency */,
			);
			name = JAChatAndSocialSDKExampleUITests;
			productName = JAChatAndSocialSDKExampleUITests;
			productReference = 1B6015FF2B95585300705A8E /* JAChatAndSocialSDKExampleUITests.xctest */;
			productType = "com.apple.product-type.bundle.ui-testing";
		};
/* End PBXNativeTarget section */

/* Begin PBXProject section */
		1B6015D72B95585200705A8E /* Project object */ = {
			isa = PBXProject;
			attributes = {
				BuildIndependentTargetsInParallel = 1;
				LastSwiftUpdateCheck = 1520;
				LastUpgradeCheck = 1520;
				TargetAttributes = {
					1B6015DE2B95585200705A8E = {
						CreatedOnToolsVersion = 15.2;
					};
					1B6015F42B95585300705A8E = {
						CreatedOnToolsVersion = 15.2;
						TestTargetID = 1B6015DE2B95585200705A8E;
					};
					1B6015FE2B95585300705A8E = {
						CreatedOnToolsVersion = 15.2;
						TestTargetID = 1B6015DE2B95585200705A8E;
					};
				};
			};
			buildConfigurationList = 1B6015DA2B95585200705A8E /* Build configuration list for PBXProject "JAChatAndSocialSDKExample" */;
			compatibilityVersion = "Xcode 14.0";
			developmentRegion = en;
			hasScannedForEncodings = 0;
			knownRegions = (
				en,
				Base,
			);
			mainGroup = 1B6015D62B95585200705A8E;
			productRefGroup = 1B6015E02B95585200705A8E /* Products */;
			projectDirPath = "";
			projectRoot = "";
			targets = (
				1B6015DE2B95585200705A8E /* JAChatAndSocialSDKExample */,
				1B6015F42B95585300705A8E /* JAChatAndSocialSDKExampleTests */,
				1B6015FE2B95585300705A8E /* JAChatAndSocialSDKExampleUITests */,
			);
		};
/* End PBXProject section */

/* Begin PBXResourcesBuildPhase section */
		1B6015DD2B95585200705A8E /* Resources */ = {
			isa = PBXResourcesBuildPhase;
			buildActionMask = 2147483647;
			files = (
				1B6015EF2B95585200705A8E /* LaunchScreen.storyboard in Resources */,
				1B6015EC2B95585200705A8E /* Assets.xcassets in Resources */,
				1B6015EA2B95585200705A8E /* Main.storyboard in Resources */,
			);
			runOnlyForDeploymentPostprocessing = 0;
		};
		1B6015F32B95585300705A8E /* Resources */ = {
			isa = PBXResourcesBuildPhase;
			buildActionMask = 2147483647;
			files = (
			);
			runOnlyForDeploymentPostprocessing = 0;
		};
		1B6015FD2B95585300705A8E /* Resources */ = {
			isa = PBXResourcesBuildPhase;
			buildActionMask = 2147483647;
			files = (
			);
			runOnlyForDeploymentPostprocessing = 0;
		};
/* End PBXResourcesBuildPhase section */

/* Begin PBXShellScriptBuildPhase section */
		2C972524B8A4854BC98E14FA /* [CP] Copy Pods Resources */ = {
			isa = PBXShellScriptBuildPhase;
			buildActionMask = 2147483647;
			files = (
			);
			inputFileListPaths = (
				"${PODS_ROOT}/Target Support Files/Pods-JAChatAndSocialSDKExample/Pods-JAChatAndSocialSDKExample-resources-${CONFIGURATION}-input-files.xcfilelist",
			);
			name = "[CP] Copy Pods Resources";
			outputFileListPaths = (
				"${PODS_ROOT}/Target Support Files/Pods-JAChatAndSocialSDKExample/Pods-JAChatAndSocialSDKExample-resources-${CONFIGURATION}-output-files.xcfilelist",
			);
			runOnlyForDeploymentPostprocessing = 0;
			shellPath = /bin/sh;
			shellScript = "\"${PODS_ROOT}/Target Support Files/Pods-JAChatAndSocialSDKExample/Pods-JAChatAndSocialSDKExample-resources.sh\"\n";
			showEnvVarsInLog = 0;
		};
		352E419E3CC7B765CFA988F0 /* [CP] Check Pods Manifest.lock */ = {
			isa = PBXShellScriptBuildPhase;
			buildActionMask = 2147483647;
			files = (
			);
			inputFileListPaths = (
			);
			inputPaths = (
				"${PODS_PODFILE_DIR_PATH}/Podfile.lock",
				"${PODS_ROOT}/Manifest.lock",
			);
			name = "[CP] Check Pods Manifest.lock";
			outputFileListPaths = (
			);
			outputPaths = (
				"$(DERIVED_FILE_DIR)/Pods-JAChatAndSocialSDKExample-checkManifestLockResult.txt",
			);
			runOnlyForDeploymentPostprocessing = 0;
			shellPath = /bin/sh;
			shellScript = "diff \"${PODS_PODFILE_DIR_PATH}/Podfile.lock\" \"${PODS_ROOT}/Manifest.lock\" > /dev/null\nif [ $? != 0 ] ; then\n    # print error to STDERR\n    echo \"error: The sandbox is not in sync with the Podfile.lock. Run 'pod install' or update your CocoaPods installation.\" >&2\n    exit 1\nfi\n# This output is used by Xcode 'outputs' to avoid re-running this script phase.\necho \"SUCCESS\" > \"${SCRIPT_OUTPUT_FILE_0}\"\n";
			showEnvVarsInLog = 0;
		};
		5E86473780B7216B1CE11C29 /* [CP] Check Pods Manifest.lock */ = {
			isa = PBXShellScriptBuildPhase;
			buildActionMask = 2147483647;
			files = (
			);
			inputFileListPaths = (
			);
			inputPaths = (
				"${PODS_PODFILE_DIR_PATH}/Podfile.lock",
				"${PODS_ROOT}/Manifest.lock",
			);
			name = "[CP] Check Pods Manifest.lock";
			outputFileListPaths = (
			);
			outputPaths = (
				"$(DERIVED_FILE_DIR)/Pods-JAChatAndSocialSDKExample-JAChatAndSocialSDKExampleUITests-checkManifestLockResult.txt",
			);
			runOnlyForDeploymentPostprocessing = 0;
			shellPath = /bin/sh;
			shellScript = "diff \"${PODS_PODFILE_DIR_PATH}/Podfile.lock\" \"${PODS_ROOT}/Manifest.lock\" > /dev/null\nif [ $? != 0 ] ; then\n    # print error to STDERR\n    echo \"error: The sandbox is not in sync with the Podfile.lock. Run 'pod install' or update your CocoaPods installation.\" >&2\n    exit 1\nfi\n# This output is used by Xcode 'outputs' to avoid re-running this script phase.\necho \"SUCCESS\" > \"${SCRIPT_OUTPUT_FILE_0}\"\n";
			showEnvVarsInLog = 0;
		};
		7C1FA9EE19A9440D1CDD14D6 /* [CP] Copy Pods Resources */ = {
			isa = PBXShellScriptBuildPhase;
			buildActionMask = 2147483647;
			files = (
			);
			inputFileListPaths = (
				"${PODS_ROOT}/Target Support Files/Pods-JAChatAndSocialSDKExample-JAChatAndSocialSDKExampleUITests/Pods-JAChatAndSocialSDKExample-JAChatAndSocialSDKExampleUITests-resources-${CONFIGURATION}-input-files.xcfilelist",
			);
			name = "[CP] Copy Pods Resources";
			outputFileListPaths = (
				"${PODS_ROOT}/Target Support Files/Pods-JAChatAndSocialSDKExample-JAChatAndSocialSDKExampleUITests/Pods-JAChatAndSocialSDKExample-JAChatAndSocialSDKExampleUITests-resources-${CONFIGURATION}-output-files.xcfilelist",
			);
			runOnlyForDeploymentPostprocessing = 0;
			shellPath = /bin/sh;
			shellScript = "\"${PODS_ROOT}/Target Support Files/Pods-JAChatAndSocialSDKExample-JAChatAndSocialSDKExampleUITests/Pods-JAChatAndSocialSDKExample-JAChatAndSocialSDKExampleUITests-resources.sh\"\n";
			showEnvVarsInLog = 0;
		};
		82F030B29ABB9EA35A0D4EA8 /* [CP] Check Pods Manifest.lock */ = {
			isa = PBXShellScriptBuildPhase;
			buildActionMask = 2147483647;
			files = (
			);
			inputFileListPaths = (
			);
			inputPaths = (
				"${PODS_PODFILE_DIR_PATH}/Podfile.lock",
				"${PODS_ROOT}/Manifest.lock",
			);
			name = "[CP] Check Pods Manifest.lock";
			outputFileListPaths = (
			);
			outputPaths = (
				"$(DERIVED_FILE_DIR)/Pods-JAChatAndSocialSDKExampleTests-checkManifestLockResult.txt",
			);
			runOnlyForDeploymentPostprocessing = 0;
			shellPath = /bin/sh;
			shellScript = "diff \"${PODS_PODFILE_DIR_PATH}/Podfile.lock\" \"${PODS_ROOT}/Manifest.lock\" > /dev/null\nif [ $? != 0 ] ; then\n    # print error to STDERR\n    echo \"error: The sandbox is not in sync with the Podfile.lock. Run 'pod install' or update your CocoaPods installation.\" >&2\n    exit 1\nfi\n# This output is used by Xcode 'outputs' to avoid re-running this script phase.\necho \"SUCCESS\" > \"${SCRIPT_OUTPUT_FILE_0}\"\n";
			showEnvVarsInLog = 0;
		};
		9EC42D8BE936D4ED7CA3457E /* [CP] Embed Pods Frameworks */ = {
			isa = PBXShellScriptBuildPhase;
			buildActionMask = 2147483647;
			files = (
			);
			inputFileListPaths = (
				"${PODS_ROOT}/Target Support Files/Pods-JAChatAndSocialSDKExample-JAChatAndSocialSDKExampleUITests/Pods-JAChatAndSocialSDKExample-JAChatAndSocialSDKExampleUITests-frameworks-${CONFIGURATION}-input-files.xcfilelist",
			);
			name = "[CP] Embed Pods Frameworks";
			outputFileListPaths = (
				"${PODS_ROOT}/Target Support Files/Pods-JAChatAndSocialSDKExample-JAChatAndSocialSDKExampleUITests/Pods-JAChatAndSocialSDKExample-JAChatAndSocialSDKExampleUITests-frameworks-${CONFIGURATION}-output-files.xcfilelist",
			);
			runOnlyForDeploymentPostprocessing = 0;
			shellPath = /bin/sh;
			shellScript = "\"${PODS_ROOT}/Target Support Files/Pods-JAChatAndSocialSDKExample-JAChatAndSocialSDKExampleUITests/Pods-JAChatAndSocialSDKExample-JAChatAndSocialSDKExampleUITests-frameworks.sh\"\n";
			showEnvVarsInLog = 0;
		};
		BB47F48D3C1110F134D3EFAD /* [CP] Embed Pods Frameworks */ = {
			isa = PBXShellScriptBuildPhase;
			buildActionMask = 2147483647;
			files = (
			);
			inputFileListPaths = (
				"${PODS_ROOT}/Target Support Files/Pods-JAChatAndSocialSDKExample/Pods-JAChatAndSocialSDKExample-frameworks-${CONFIGURATION}-input-files.xcfilelist",
			);
			name = "[CP] Embed Pods Frameworks";
			outputFileListPaths = (
				"${PODS_ROOT}/Target Support Files/Pods-JAChatAndSocialSDKExample/Pods-JAChatAndSocialSDKExample-frameworks-${CONFIGURATION}-output-files.xcfilelist",
			);
			runOnlyForDeploymentPostprocessing = 0;
			shellPath = /bin/sh;
			shellScript = "\"${PODS_ROOT}/Target Support Files/Pods-JAChatAndSocialSDKExample/Pods-JAChatAndSocialSDKExample-frameworks.sh\"\n";
			showEnvVarsInLog = 0;
		};
/* End PBXShellScriptBuildPhase section */

/* Begin PBXSourcesBuildPhase section */
		1B6015DB2B95585200705A8E /* Sources */ = {
			isa = PBXSourcesBuildPhase;
			buildActionMask = 2147483647;
			files = (
				1B6016172B955C1300705A8E /* UIViewExtension.swift in Sources */,
				1B6015E72B95585200705A8E /* AmityDemoTabController.swift in Sources */,
				1B6015E32B95585200705A8E /* AppDelegate.swift in Sources */,
				1B6016192B955C2B00705A8E /* TabViewController.swift in Sources */,
				1B60161B2B955C5500705A8E /* TXDemoTabController.swift in Sources */,
				1B6086462B9591F600555333 /* TXSign.swift in Sources */,
				1B6086482B95A3F000555333 /* EMDemoTabController.swift in Sources */,
				1B6015E52B95585200705A8E /* SceneDelegate.swift in Sources */,
			);
			runOnlyForDeploymentPostprocessing = 0;
		};
		1B6015F12B95585300705A8E /* Sources */ = {
			isa = PBXSourcesBuildPhase;
			buildActionMask = 2147483647;
			files = (
				1B6015FA2B95585300705A8E /* JAChatAndSocialSDKExampleTests.swift in Sources */,
			);
			runOnlyForDeploymentPostprocessing = 0;
		};
		1B6015FB2B95585300705A8E /* Sources */ = {
			isa = PBXSourcesBuildPhase;
			buildActionMask = 2147483647;
			files = (
				1B6016062B95585300705A8E /* JAChatAndSocialSDKExampleUITestsLaunchTests.swift in Sources */,
				1B6016042B95585300705A8E /* JAChatAndSocialSDKExampleUITests.swift in Sources */,
			);
			runOnlyForDeploymentPostprocessing = 0;
		};
/* End PBXSourcesBuildPhase section */

/* Begin PBXTargetDependency section */
		1B6015F72B95585300705A8E /* PBXTargetDependency */ = {
			isa = PBXTargetDependency;
			target = 1B6015DE2B95585200705A8E /* JAChatAndSocialSDKExample */;
			targetProxy = 1B6015F62B95585300705A8E /* PBXContainerItemProxy */;
		};
		1B6016012B95585300705A8E /* PBXTargetDependency */ = {
			isa = PBXTargetDependency;
			target = 1B6015DE2B95585200705A8E /* JAChatAndSocialSDKExample */;
			targetProxy = 1B6016002B95585300705A8E /* PBXContainerItemProxy */;
		};
/* End PBXTargetDependency section */

/* Begin PBXVariantGroup section */
		1B6015E82B95585200705A8E /* Main.storyboard */ = {
			isa = PBXVariantGroup;
			children = (
				1B6015E92B95585200705A8E /* Base */,
			);
			name = Main.storyboard;
			sourceTree = "<group>";
		};
		1B6015ED2B95585200705A8E /* LaunchScreen.storyboard */ = {
			isa = PBXVariantGroup;
			children = (
				1B6015EE2B95585200705A8E /* Base */,
			);
			name = LaunchScreen.storyboard;
			sourceTree = "<group>";
		};
/* End PBXVariantGroup section */

/* Begin XCBuildConfiguration section */
		1B6016072B95585300705A8E /* Debug */ = {
			isa = XCBuildConfiguration;
			buildSettings = {
				ALWAYS_SEARCH_USER_PATHS = NO;
				ASSETCATALOG_COMPILER_GENERATE_SWIFT_ASSET_SYMBOL_EXTENSIONS = YES;
				CLANG_ANALYZER_NONNULL = YES;
				CLANG_ANALYZER_NUMBER_OBJECT_CONVERSION = YES_AGGRESSIVE;
				CLANG_CXX_LANGUAGE_STANDARD = "gnu++20";
				CLANG_ENABLE_MODULES = YES;
				CLANG_ENABLE_OBJC_ARC = YES;
				CLANG_ENABLE_OBJC_WEAK = YES;
				CLANG_WARN_BLOCK_CAPTURE_AUTORELEASING = YES;
				CLANG_WARN_BOOL_CONVERSION = YES;
				CLANG_WARN_COMMA = YES;
				CLANG_WARN_CONSTANT_CONVERSION = YES;
				CLANG_WARN_DEPRECATED_OBJC_IMPLEMENTATIONS = YES;
				CLANG_WARN_DIRECT_OBJC_ISA_USAGE = YES_ERROR;
				CLANG_WARN_DOCUMENTATION_COMMENTS = YES;
				CLANG_WARN_EMPTY_BODY = YES;
				CLANG_WARN_ENUM_CONVERSION = YES;
				CLANG_WARN_INFINITE_RECURSION = YES;
				CLANG_WARN_INT_CONVERSION = YES;
				CLANG_WARN_NON_LITERAL_NULL_CONVERSION = YES;
				CLANG_WARN_OBJC_IMPLICIT_RETAIN_SELF = YES;
				CLANG_WARN_OBJC_LITERAL_CONVERSION = YES;
				CLANG_WARN_OBJC_ROOT_CLASS = YES_ERROR;
				CLANG_WARN_QUOTED_INCLUDE_IN_FRAMEWORK_HEADER = YES;
				CLANG_WARN_RANGE_LOOP_ANALYSIS = YES;
				CLANG_WARN_STRICT_PROTOTYPES = YES;
				CLANG_WARN_SUSPICIOUS_MOVE = YES;
				CLANG_WARN_UNGUARDED_AVAILABILITY = YES_AGGRESSIVE;
				CLANG_WARN_UNREACHABLE_CODE = YES;
				CLANG_WARN__DUPLICATE_METHOD_MATCH = YES;
				COPY_PHASE_STRIP = NO;
				DEBUG_INFORMATION_FORMAT = dwarf;
				ENABLE_STRICT_OBJC_MSGSEND = YES;
				ENABLE_TESTABILITY = YES;
				ENABLE_USER_SCRIPT_SANDBOXING = YES;
				GCC_C_LANGUAGE_STANDARD = gnu17;
				GCC_DYNAMIC_NO_PIC = NO;
				GCC_NO_COMMON_BLOCKS = YES;
				GCC_OPTIMIZATION_LEVEL = 0;
				GCC_PREPROCESSOR_DEFINITIONS = (
					"DEBUG=1",
					"$(inherited)",
				);
				GCC_WARN_64_TO_32_BIT_CONVERSION = YES;
				GCC_WARN_ABOUT_RETURN_TYPE = YES_ERROR;
				GCC_WARN_UNDECLARED_SELECTOR = YES;
				GCC_WARN_UNINITIALIZED_AUTOS = YES_AGGRESSIVE;
				GCC_WARN_UNUSED_FUNCTION = YES;
				GCC_WARN_UNUSED_VARIABLE = YES;
				IPHONEOS_DEPLOYMENT_TARGET = 17.2;
				LOCALIZATION_PREFERS_STRING_CATALOGS = YES;
				MTL_ENABLE_DEBUG_INFO = INCLUDE_SOURCE;
				MTL_FAST_MATH = YES;
				ONLY_ACTIVE_ARCH = YES;
				SDKROOT = iphoneos;
				SWIFT_ACTIVE_COMPILATION_CONDITIONS = "DEBUG $(inherited)";
				SWIFT_OPTIMIZATION_LEVEL = "-Onone";
			};
			name = Debug;
		};
		1B6016082B95585300705A8E /* Release */ = {
			isa = XCBuildConfiguration;
			buildSettings = {
				ALWAYS_SEARCH_USER_PATHS = NO;
				ASSETCATALOG_COMPILER_GENERATE_SWIFT_ASSET_SYMBOL_EXTENSIONS = YES;
				CLANG_ANALYZER_NONNULL = YES;
				CLANG_ANALYZER_NUMBER_OBJECT_CONVERSION = YES_AGGRESSIVE;
				CLANG_CXX_LANGUAGE_STANDARD = "gnu++20";
				CLANG_ENABLE_MODULES = YES;
				CLANG_ENABLE_OBJC_ARC = YES;
				CLANG_ENABLE_OBJC_WEAK = YES;
				CLANG_WARN_BLOCK_CAPTURE_AUTORELEASING = YES;
				CLANG_WARN_BOOL_CONVERSION = YES;
				CLANG_WARN_COMMA = YES;
				CLANG_WARN_CONSTANT_CONVERSION = YES;
				CLANG_WARN_DEPRECATED_OBJC_IMPLEMENTATIONS = YES;
				CLANG_WARN_DIRECT_OBJC_ISA_USAGE = YES_ERROR;
				CLANG_WARN_DOCUMENTATION_COMMENTS = YES;
				CLANG_WARN_EMPTY_BODY = YES;
				CLANG_WARN_ENUM_CONVERSION = YES;
				CLANG_WARN_INFINITE_RECURSION = YES;
				CLANG_WARN_INT_CONVERSION = YES;
				CLANG_WARN_NON_LITERAL_NULL_CONVERSION = YES;
				CLANG_WARN_OBJC_IMPLICIT_RETAIN_SELF = YES;
				CLANG_WARN_OBJC_LITERAL_CONVERSION = YES;
				CLANG_WARN_OBJC_ROOT_CLASS = YES_ERROR;
				CLANG_WARN_QUOTED_INCLUDE_IN_FRAMEWORK_HEADER = YES;
				CLANG_WARN_RANGE_LOOP_ANALYSIS = YES;
				CLANG_WARN_STRICT_PROTOTYPES = YES;
				CLANG_WARN_SUSPICIOUS_MOVE = YES;
				CLANG_WARN_UNGUARDED_AVAILABILITY = YES_AGGRESSIVE;
				CLANG_WARN_UNREACHABLE_CODE = YES;
				CLANG_WARN__DUPLICATE_METHOD_MATCH = YES;
				COPY_PHASE_STRIP = NO;
				DEBUG_INFORMATION_FORMAT = "dwarf-with-dsym";
				ENABLE_NS_ASSERTIONS = NO;
				ENABLE_STRICT_OBJC_MSGSEND = YES;
				ENABLE_USER_SCRIPT_SANDBOXING = YES;
				GCC_C_LANGUAGE_STANDARD = gnu17;
				GCC_NO_COMMON_BLOCKS = YES;
				GCC_WARN_64_TO_32_BIT_CONVERSION = YES;
				GCC_WARN_ABOUT_RETURN_TYPE = YES_ERROR;
				GCC_WARN_UNDECLARED_SELECTOR = YES;
				GCC_WARN_UNINITIALIZED_AUTOS = YES_AGGRESSIVE;
				GCC_WARN_UNUSED_FUNCTION = YES;
				GCC_WARN_UNUSED_VARIABLE = YES;
				IPHONEOS_DEPLOYMENT_TARGET = 17.2;
				LOCALIZATION_PREFERS_STRING_CATALOGS = YES;
				MTL_ENABLE_DEBUG_INFO = NO;
				MTL_FAST_MATH = YES;
				SDKROOT = iphoneos;
				SWIFT_COMPILATION_MODE = wholemodule;
				VALIDATE_PRODUCT = YES;
			};
			name = Release;
		};
		1B60160A2B95585300705A8E /* Debug */ = {
			isa = XCBuildConfiguration;
			baseConfigurationReference = 821AF5CB61B17E1A121F30AD /* Pods-JAChatAndSocialSDKExample.debug.xcconfig */;
			buildSettings = {
				ASSETCATALOG_COMPILER_APPICON_NAME = AppIcon;
				ASSETCATALOG_COMPILER_GLOBAL_ACCENT_COLOR_NAME = AccentColor;
				CODE_SIGN_STYLE = Automatic;
				CURRENT_PROJECT_VERSION = 1;
				DEVELOPMENT_TEAM = Y3BL97AMPJ;
				ENABLE_USER_SCRIPT_SANDBOXING = NO;
				GENERATE_INFOPLIST_FILE = YES;
				INFOPLIST_FILE = JAChatAndSocialSDKExample/Info.plist;
				INFOPLIST_KEY_UIApplicationSupportsIndirectInputEvents = YES;
				INFOPLIST_KEY_UILaunchStoryboardName = LaunchScreen;
				INFOPLIST_KEY_UIMainStoryboardFile = Main;
				INFOPLIST_KEY_UISupportedInterfaceOrientations_iPad = "UIInterfaceOrientationPortrait UIInterfaceOrientationPortraitUpsideDown UIInterfaceOrientationLandscapeLeft UIInterfaceOrientationLandscapeRight";
				INFOPLIST_KEY_UISupportedInterfaceOrientations_iPhone = "UIInterfaceOrientationPortrait UIInterfaceOrientationLandscapeLeft UIInterfaceOrientationLandscapeRight";
				LD_RUNPATH_SEARCH_PATHS = (
					"$(inherited)",
					"@executable_path/Frameworks",
				);
				MARKETING_VERSION = 1.0;
				PRODUCT_BUNDLE_IDENTIFIER = Jasonzhang.JAChatAndSocialSDKExample;
				PRODUCT_NAME = "$(TARGET_NAME)";
				SWIFT_EMIT_LOC_STRINGS = YES;
				SWIFT_VERSION = 5.0;
				TARGETED_DEVICE_FAMILY = "1,2";
			};
			name = Debug;
		};
		1B60160B2B95585300705A8E /* Release */ = {
			isa = XCBuildConfiguration;
			baseConfigurationReference = 35B9CE1A84E4E55AECE6D401 /* Pods-JAChatAndSocialSDKExample.release.xcconfig */;
			buildSettings = {
				ASSETCATALOG_COMPILER_APPICON_NAME = AppIcon;
				ASSETCATALOG_COMPILER_GLOBAL_ACCENT_COLOR_NAME = AccentColor;
				CODE_SIGN_STYLE = Automatic;
				CURRENT_PROJECT_VERSION = 1;
				DEVELOPMENT_TEAM = Y3BL97AMPJ;
				ENABLE_USER_SCRIPT_SANDBOXING = NO;
				GENERATE_INFOPLIST_FILE = YES;
				INFOPLIST_FILE = JAChatAndSocialSDKExample/Info.plist;
				INFOPLIST_KEY_UIApplicationSupportsIndirectInputEvents = YES;
				INFOPLIST_KEY_UILaunchStoryboardName = LaunchScreen;
				INFOPLIST_KEY_UIMainStoryboardFile = Main;
				INFOPLIST_KEY_UISupportedInterfaceOrientations_iPad = "UIInterfaceOrientationPortrait UIInterfaceOrientationPortraitUpsideDown UIInterfaceOrientationLandscapeLeft UIInterfaceOrientationLandscapeRight";
				INFOPLIST_KEY_UISupportedInterfaceOrientations_iPhone = "UIInterfaceOrientationPortrait UIInterfaceOrientationLandscapeLeft UIInterfaceOrientationLandscapeRight";
				LD_RUNPATH_SEARCH_PATHS = (
					"$(inherited)",
					"@executable_path/Frameworks",
				);
				MARKETING_VERSION = 1.0;
				PRODUCT_BUNDLE_IDENTIFIER = Jasonzhang.JAChatAndSocialSDKExample;
				PRODUCT_NAME = "$(TARGET_NAME)";
				SWIFT_EMIT_LOC_STRINGS = YES;
				SWIFT_VERSION = 5.0;
				TARGETED_DEVICE_FAMILY = "1,2";
			};
			name = Release;
		};
		1B60160D2B95585300705A8E /* Debug */ = {
			isa = XCBuildConfiguration;
			baseConfigurationReference = 0505BCAD235472D79BEED9E2 /* Pods-JAChatAndSocialSDKExampleTests.debug.xcconfig */;
			buildSettings = {
				ALWAYS_EMBED_SWIFT_STANDARD_LIBRARIES = YES;
				BUNDLE_LOADER = "$(TEST_HOST)";
				CODE_SIGN_STYLE = Automatic;
				CURRENT_PROJECT_VERSION = 1;
				DEVELOPMENT_TEAM = N4NMV97NG4;
				GENERATE_INFOPLIST_FILE = YES;
				IPHONEOS_DEPLOYMENT_TARGET = 17.2;
				MARKETING_VERSION = 1.0;
				PRODUCT_BUNDLE_IDENTIFIER = Jasonzhang.JAChatAndSocialSDKExampleTests;
				PRODUCT_NAME = "$(TARGET_NAME)";
				SWIFT_EMIT_LOC_STRINGS = NO;
				SWIFT_VERSION = 5.0;
				TARGETED_DEVICE_FAMILY = "1,2";
				TEST_HOST = "$(BUILT_PRODUCTS_DIR)/JAChatAndSocialSDKExample.app/$(BUNDLE_EXECUTABLE_FOLDER_PATH)/JAChatAndSocialSDKExample";
			};
			name = Debug;
		};
		1B60160E2B95585300705A8E /* Release */ = {
			isa = XCBuildConfiguration;
			baseConfigurationReference = F04D990FFAB2989B3E5EA51A /* Pods-JAChatAndSocialSDKExampleTests.release.xcconfig */;
			buildSettings = {
				ALWAYS_EMBED_SWIFT_STANDARD_LIBRARIES = YES;
				BUNDLE_LOADER = "$(TEST_HOST)";
				CODE_SIGN_STYLE = Automatic;
				CURRENT_PROJECT_VERSION = 1;
				DEVELOPMENT_TEAM = N4NMV97NG4;
				GENERATE_INFOPLIST_FILE = YES;
				IPHONEOS_DEPLOYMENT_TARGET = 17.2;
				MARKETING_VERSION = 1.0;
				PRODUCT_BUNDLE_IDENTIFIER = Jasonzhang.JAChatAndSocialSDKExampleTests;
				PRODUCT_NAME = "$(TARGET_NAME)";
				SWIFT_EMIT_LOC_STRINGS = NO;
				SWIFT_VERSION = 5.0;
				TARGETED_DEVICE_FAMILY = "1,2";
				TEST_HOST = "$(BUILT_PRODUCTS_DIR)/JAChatAndSocialSDKExample.app/$(BUNDLE_EXECUTABLE_FOLDER_PATH)/JAChatAndSocialSDKExample";
			};
			name = Release;
		};
		1B6016102B95585300705A8E /* Debug */ = {
			isa = XCBuildConfiguration;
			baseConfigurationReference = 82484667A027FF5730FB048B /* Pods-JAChatAndSocialSDKExample-JAChatAndSocialSDKExampleUITests.debug.xcconfig */;
			buildSettings = {
				ALWAYS_EMBED_SWIFT_STANDARD_LIBRARIES = YES;
				CODE_SIGN_STYLE = Automatic;
				CURRENT_PROJECT_VERSION = 1;
				DEVELOPMENT_TEAM = N4NMV97NG4;
				GENERATE_INFOPLIST_FILE = YES;
				MARKETING_VERSION = 1.0;
				PRODUCT_BUNDLE_IDENTIFIER = Jasonzhang.JAChatAndSocialSDKExampleUITests;
				PRODUCT_NAME = "$(TARGET_NAME)";
				SWIFT_EMIT_LOC_STRINGS = NO;
				SWIFT_VERSION = 5.0;
				TARGETED_DEVICE_FAMILY = "1,2";
				TEST_TARGET_NAME = JAChatAndSocialSDKExample;
			};
			name = Debug;
		};
		1B6016112B95585300705A8E /* Release */ = {
			isa = XCBuildConfiguration;
			baseConfigurationReference = 3BA259CF7EFF353FC28DA59D /* Pods-JAChatAndSocialSDKExample-JAChatAndSocialSDKExampleUITests.release.xcconfig */;
			buildSettings = {
				ALWAYS_EMBED_SWIFT_STANDARD_LIBRARIES = YES;
				CODE_SIGN_STYLE = Automatic;
				CURRENT_PROJECT_VERSION = 1;
				DEVELOPMENT_TEAM = N4NMV97NG4;
				GENERATE_INFOPLIST_FILE = YES;
				MARKETING_VERSION = 1.0;
				PRODUCT_BUNDLE_IDENTIFIER = Jasonzhang.JAChatAndSocialSDKExampleUITests;
				PRODUCT_NAME = "$(TARGET_NAME)";
				SWIFT_EMIT_LOC_STRINGS = NO;
				SWIFT_VERSION = 5.0;
				TARGETED_DEVICE_FAMILY = "1,2";
				TEST_TARGET_NAME = JAChatAndSocialSDKExample;
			};
			name = Release;
		};
/* End XCBuildConfiguration section */

/* Begin XCConfigurationList section */
		1B6015DA2B95585200705A8E /* Build configuration list for PBXProject "JAChatAndSocialSDKExample" */ = {
			isa = XCConfigurationList;
			buildConfigurations = (
				1B6016072B95585300705A8E /* Debug */,
				1B6016082B95585300705A8E /* Release */,
			);
			defaultConfigurationIsVisible = 0;
			defaultConfigurationName = Release;
		};
		1B6016092B95585300705A8E /* Build configuration list for PBXNativeTarget "JAChatAndSocialSDKExample" */ = {
			isa = XCConfigurationList;
			buildConfigurations = (
				1B60160A2B95585300705A8E /* Debug */,
				1B60160B2B95585300705A8E /* Release */,
			);
			defaultConfigurationIsVisible = 0;
			defaultConfigurationName = Release;
		};
		1B60160C2B95585300705A8E /* Build configuration list for PBXNativeTarget "JAChatAndSocialSDKExampleTests" */ = {
			isa = XCConfigurationList;
			buildConfigurations = (
				1B60160D2B95585300705A8E /* Debug */,
				1B60160E2B95585300705A8E /* Release */,
			);
			defaultConfigurationIsVisible = 0;
			defaultConfigurationName = Release;
		};
		1B60160F2B95585300705A8E /* Build configuration list for PBXNativeTarget "JAChatAndSocialSDKExampleUITests" */ = {
			isa = XCConfigurationList;
			buildConfigurations = (
				1B6016102B95585300705A8E /* Debug */,
				1B6016112B95585300705A8E /* Release */,
			);
			defaultConfigurationIsVisible = 0;
			defaultConfigurationName = Release;
		};
/* End XCConfigurationList section */
	};
	rootObject = 1B6015D72B95585200705A8E /* Project object */;
}
